
Microsoft Visual Studio Solution File, Format Version 12.00
# Visual Studio Version 17
VisualStudioVersion = 17.6.33829.357
MinimumVisualStudioVersion = 10.0.40219.1
Project("{2150E333-8FDC-42A3-9474-1A3956D46DE8}") = "Services", "Services", "{CC91069C-830B-488D-82AE-2B62251DDE8B}"
EndProject
Project("{2150E333-8FDC-42A3-9474-1A3956D46DE8}") = "Catalog", "Catalog", "{137AF1D5-4A33-4630-9A0F-797355305DA9}"
EndProject
Project("{9A19103F-16F7-4668-BE54-9A1E7A4F7556}") = "FreeCourse.Services.Catalog", "Services\Catalog\FreeCourse.Services.Catalog\FreeCourse.Services.Catalog.csproj", "{2F69ECBA-AA72-4A58-8E55-0B87F1ED42F6}"
EndProject
Project("{2150E333-8FDC-42A3-9474-1A3956D46DE8}") = "Shared", "Shared", "{7930A8ED-7C4D-44D8-B31A-9A4F75C7114C}"
EndProject
Project("{2150E333-8FDC-42A3-9474-1A3956D46DE8}") = "SolutionItems", "SolutionItems", "{BDC0EA07-8A7B-4CB2-AF4A-2BAE06816FC7}"
	ProjectSection(SolutionItems) = preProject
		SolutionItems\Port.txt = SolutionItems\Port.txt
	EndProjectSection
EndProject
Project("{9A19103F-16F7-4668-BE54-9A1E7A4F7556}") = "FreeCourse.Shared", "Shared\FreeCourse.Shared\FreeCourse.Shared.csproj", "{11CF8B6F-A3CF-4785-9C3B-521CC2A64AE3}"
EndProject
Project("{2150E333-8FDC-42A3-9474-1A3956D46DE8}") = "IdentityServer", "IdentityServer", "{F6D7A42A-09B7-4D17-8E5A-011F4B94B02A}"
EndProject
Project("{9A19103F-16F7-4668-BE54-9A1E7A4F7556}") = "FreeCourse.IdentityServer", "IdentityServer\FreeCourse.IdentityServer\FreeCourse.IdentityServer.csproj", "{380830F9-D982-4FEA-99AE-B4A407F420AA}"
EndProject
Project("{2150E333-8FDC-42A3-9474-1A3956D46DE8}") = "PhotoStock", "PhotoStock", "{1C462E2F-5190-46A6-A96F-50F46AEE4D7E}"
EndProject
Project("{9A19103F-16F7-4668-BE54-9A1E7A4F7556}") = "FreeCourse.Services.PhotoStock", "Services\PhotoStock\FreeCourse.Services.PhotoStock\FreeCourse.Services.PhotoStock.csproj", "{8105ECF0-D794-4CBE-B06C-3D9105487ED7}"
EndProject
Project("{2150E333-8FDC-42A3-9474-1A3956D46DE8}") = "Basket", "Basket", "{30A38F57-20E5-4D61-A120-903E0C44C6DB}"
EndProject
Project("{9A19103F-16F7-4668-BE54-9A1E7A4F7556}") = "FreeCourse.Services.Basket", "Services\Basket\FreeCourse.Services.Basket\FreeCourse.Services.Basket.csproj", "{3A3914BB-416F-4C6D-B412-7FDCB8FD7F3B}"
EndProject
Project("{2150E333-8FDC-42A3-9474-1A3956D46DE8}") = "Discount", "Discount", "{205B2D1C-EF32-46B1-A692-88737071AA4F}"
EndProject
Project("{9A19103F-16F7-4668-BE54-9A1E7A4F7556}") = "FreeCourse.Services.Discount", "Services\Discount\FreeCourse.Services.Discount\FreeCourse.Services.Discount.csproj", "{DE6A1A0F-D0B0-4126-9954-4ABD6148BAFD}"
EndProject
Project("{2150E333-8FDC-42A3-9474-1A3956D46DE8}") = "Order", "Order", "{53672A53-F8E5-4113-B679-930E5E049BAE}"
EndProject
Project("{9A19103F-16F7-4668-BE54-9A1E7A4F7556}") = "FreeCourse.Services.Order.API", "Services\Order\FreeCourse.Services.Order.API\FreeCourse.Services.Order.API.csproj", "{C1A0F4AB-770E-4B2D-8FEC-3EA7D19FF3BC}"
EndProject
Project("{9A19103F-16F7-4668-BE54-9A1E7A4F7556}") = "FreeCourse.Services.Order.Application", "Services\Order\FreeCourse.Services.Order.Application\FreeCourse.Services.Order.Application.csproj", "{A5BFFD48-FA72-4360-96A1-432AA3B2970A}"
EndProject
Project("{9A19103F-16F7-4668-BE54-9A1E7A4F7556}") = "FreeCourse.Services.Order.Domain", "Services\Order\FreeCourse.Services.Order.Domain\FreeCourse.Services.Order.Domain.csproj", "{062CE2D7-99FA-4F8A-B868-5CBD4560B87A}"
EndProject
Project("{9A19103F-16F7-4668-BE54-9A1E7A4F7556}") = "FreeCourse.Services.Order.Domain.Core", "Services\Order\FreeCourse.Services.Order.Domain.Core\FreeCourse.Services.Order.Domain.Core.csproj", "{4911F99A-92B5-45B0-9622-D335D3BB5AF7}"
EndProject
Project("{9A19103F-16F7-4668-BE54-9A1E7A4F7556}") = "FreeCourse.Services.Order.Infrastructure", "Services\Order\FreeCourse.Services.Order.Infrastructure\FreeCourse.Services.Order.Infrastructure.csproj", "{CD4AB2E1-4EFF-43EB-8504-5B8B299F9C2C}"
EndProject
Project("{2150E333-8FDC-42A3-9474-1A3956D46DE8}") = "FakePayment", "FakePayment", "{01AC65EF-3073-46B9-8929-4EA06147054A}"
EndProject
Project("{FAE04EC0-301F-11D3-BF4B-00C04F79EFBC}") = "FreeCource.Services.FakePayment", "Services\FakePayment\FreeCource.Services.FakePayment\FreeCource.Services.FakePayment.csproj", "{657603B0-7DAF-41FC-850D-6AC450A164BA}"
EndProject
Project("{2150E333-8FDC-42A3-9474-1A3956D46DE8}") = "Gateways", "Gateways", "{6F72F8E9-7950-44EC-B1CE-6D89797B28CB}"
EndProject
Project("{FAE04EC0-301F-11D3-BF4B-00C04F79EFBC}") = "FreeCourse.Gateway", "Gateways\FreeCourse.Gateway\FreeCourse.Gateway.csproj", "{CBC34986-BA96-4317-931D-8C9089EDF1BF}"
EndProject
Project("{2150E333-8FDC-42A3-9474-1A3956D46DE8}") = "Frontend", "Frontend", "{04968005-82DD-404C-BF7F-DFF1B7BCE847}"
EndProject
Project("{FAE04EC0-301F-11D3-BF4B-00C04F79EFBC}") = "FreeCourse.Web", "Frontend\FreeCourse.Web\FreeCourse.Web.csproj", "{64F8A94F-687C-4627-80F0-DE9BE4E16A77}"
EndProject
Global
	GlobalSection(SolutionConfigurationPlatforms) = preSolution
		Debug|Any CPU = Debug|Any CPU
		Release|Any CPU = Release|Any CPU
	EndGlobalSection
	GlobalSection(ProjectConfigurationPlatforms) = postSolution
		{2F69ECBA-AA72-4A58-8E55-0B87F1ED42F6}.Debug|Any CPU.ActiveCfg = Debug|Any CPU
		{2F69ECBA-AA72-4A58-8E55-0B87F1ED42F6}.Debug|Any CPU.Build.0 = Debug|Any CPU
		{2F69ECBA-AA72-4A58-8E55-0B87F1ED42F6}.Release|Any CPU.ActiveCfg = Release|Any CPU
		{2F69ECBA-AA72-4A58-8E55-0B87F1ED42F6}.Release|Any CPU.Build.0 = Release|Any CPU
		{11CF8B6F-A3CF-4785-9C3B-521CC2A64AE3}.Debug|Any CPU.ActiveCfg = Debug|Any CPU
		{11CF8B6F-A3CF-4785-9C3B-521CC2A64AE3}.Debug|Any CPU.Build.0 = Debug|Any CPU
		{11CF8B6F-A3CF-4785-9C3B-521CC2A64AE3}.Release|Any CPU.ActiveCfg = Release|Any CPU
		{11CF8B6F-A3CF-4785-9C3B-521CC2A64AE3}.Release|Any CPU.Build.0 = Release|Any CPU
		{380830F9-D982-4FEA-99AE-B4A407F420AA}.Debug|Any CPU.ActiveCfg = Debug|Any CPU
		{380830F9-D982-4FEA-99AE-B4A407F420AA}.Debug|Any CPU.Build.0 = Debug|Any CPU
		{380830F9-D982-4FEA-99AE-B4A407F420AA}.Release|Any CPU.ActiveCfg = Release|Any CPU
		{380830F9-D982-4FEA-99AE-B4A407F420AA}.Release|Any CPU.Build.0 = Release|Any CPU
		{8105ECF0-D794-4CBE-B06C-3D9105487ED7}.Debug|Any CPU.ActiveCfg = Debug|Any CPU
		{8105ECF0-D794-4CBE-B06C-3D9105487ED7}.Debug|Any CPU.Build.0 = Debug|Any CPU
		{8105ECF0-D794-4CBE-B06C-3D9105487ED7}.Release|Any CPU.ActiveCfg = Release|Any CPU
		{8105ECF0-D794-4CBE-B06C-3D9105487ED7}.Release|Any CPU.Build.0 = Release|Any CPU
		{3A3914BB-416F-4C6D-B412-7FDCB8FD7F3B}.Debug|Any CPU.ActiveCfg = Debug|Any CPU
		{3A3914BB-416F-4C6D-B412-7FDCB8FD7F3B}.Debug|Any CPU.Build.0 = Debug|Any CPU
		{3A3914BB-416F-4C6D-B412-7FDCB8FD7F3B}.Release|Any CPU.ActiveCfg = Release|Any CPU
		{3A3914BB-416F-4C6D-B412-7FDCB8FD7F3B}.Release|Any CPU.Build.0 = Release|Any CPU
		{DE6A1A0F-D0B0-4126-9954-4ABD6148BAFD}.Debug|Any CPU.ActiveCfg = Debug|Any CPU
		{DE6A1A0F-D0B0-4126-9954-4ABD6148BAFD}.Debug|Any CPU.Build.0 = Debug|Any CPU
		{DE6A1A0F-D0B0-4126-9954-4ABD6148BAFD}.Release|Any CPU.ActiveCfg = Release|Any CPU
		{DE6A1A0F-D0B0-4126-9954-4ABD6148BAFD}.Release|Any CPU.Build.0 = Release|Any CPU
		{C1A0F4AB-770E-4B2D-8FEC-3EA7D19FF3BC}.Debug|Any CPU.ActiveCfg = Debug|Any CPU
		{C1A0F4AB-770E-4B2D-8FEC-3EA7D19FF3BC}.Debug|Any CPU.Build.0 = Debug|Any CPU
		{C1A0F4AB-770E-4B2D-8FEC-3EA7D19FF3BC}.Release|Any CPU.ActiveCfg = Release|Any CPU
		{C1A0F4AB-770E-4B2D-8FEC-3EA7D19FF3BC}.Release|Any CPU.Build.0 = Release|Any CPU
		{A5BFFD48-FA72-4360-96A1-432AA3B2970A}.Debug|Any CPU.ActiveCfg = Debug|Any CPU
		{A5BFFD48-FA72-4360-96A1-432AA3B2970A}.Debug|Any CPU.Build.0 = Debug|Any CPU
		{A5BFFD48-FA72-4360-96A1-432AA3B2970A}.Release|Any CPU.ActiveCfg = Release|Any CPU
		{A5BFFD48-FA72-4360-96A1-432AA3B2970A}.Release|Any CPU.Build.0 = Release|Any CPU
		{062CE2D7-99FA-4F8A-B868-5CBD4560B87A}.Debug|Any CPU.ActiveCfg = Debug|Any CPU
		{062CE2D7-99FA-4F8A-B868-5CBD4560B87A}.Debug|Any CPU.Build.0 = Debug|Any CPU
		{062CE2D7-99FA-4F8A-B868-5CBD4560B87A}.Release|Any CPU.ActiveCfg = Release|Any CPU
		{062CE2D7-99FA-4F8A-B868-5CBD4560B87A}.Release|Any CPU.Build.0 = Release|Any CPU
		{4911F99A-92B5-45B0-9622-D335D3BB5AF7}.Debug|Any CPU.ActiveCfg = Debug|Any CPU
		{4911F99A-92B5-45B0-9622-D335D3BB5AF7}.Debug|Any CPU.Build.0 = Debug|Any CPU
		{4911F99A-92B5-45B0-9622-D335D3BB5AF7}.Release|Any CPU.ActiveCfg = Release|Any CPU
		{4911F99A-92B5-45B0-9622-D335D3BB5AF7}.Release|Any CPU.Build.0 = Release|Any CPU
		{CD4AB2E1-4EFF-43EB-8504-5B8B299F9C2C}.Debug|Any CPU.ActiveCfg = Debug|Any CPU
		{CD4AB2E1-4EFF-43EB-8504-5B8B299F9C2C}.Debug|Any CPU.Build.0 = Debug|Any CPU
		{CD4AB2E1-4EFF-43EB-8504-5B8B299F9C2C}.Release|Any CPU.ActiveCfg = Release|Any CPU
		{CD4AB2E1-4EFF-43EB-8504-5B8B299F9C2C}.Release|Any CPU.Build.0 = Release|Any CPU
		{657603B0-7DAF-41FC-850D-6AC450A164BA}.Debug|Any CPU.ActiveCfg = Debug|Any CPU
		{657603B0-7DAF-41FC-850D-6AC450A164BA}.Debug|Any CPU.Build.0 = Debug|Any CPU
		{657603B0-7DAF-41FC-850D-6AC450A164BA}.Release|Any CPU.ActiveCfg = Release|Any CPU
		{657603B0-7DAF-41FC-850D-6AC450A164BA}.Release|Any CPU.Build.0 = Release|Any CPU
		{CBC34986-BA96-4317-931D-8C9089EDF1BF}.Debug|Any CPU.ActiveCfg = Debug|Any CPU
		{CBC34986-BA96-4317-931D-8C9089EDF1BF}.Debug|Any CPU.Build.0 = Debug|Any CPU
		{CBC34986-BA96-4317-931D-8C9089EDF1BF}.Release|Any CPU.ActiveCfg = Release|Any CPU
		{CBC34986-BA96-4317-931D-8C9089EDF1BF}.Release|Any CPU.Build.0 = Release|Any CPU
		{64F8A94F-687C-4627-80F0-DE9BE4E16A77}.Debug|Any CPU.ActiveCfg = Debug|Any CPU
		{64F8A94F-687C-4627-80F0-DE9BE4E16A77}.Debug|Any CPU.Build.0 = Debug|Any CPU
		{64F8A94F-687C-4627-80F0-DE9BE4E16A77}.Release|Any CPU.ActiveCfg = Release|Any CPU
		{64F8A94F-687C-4627-80F0-DE9BE4E16A77}.Release|Any CPU.Build.0 = Release|Any CPU
	EndGlobalSection
	GlobalSection(SolutionProperties) = preSolution
		HideSolutionNode = FALSE
	EndGlobalSection
	GlobalSection(NestedProjects) = preSolution
		{137AF1D5-4A33-4630-9A0F-797355305DA9} = {CC91069C-830B-488D-82AE-2B62251DDE8B}
		{2F69ECBA-AA72-4A58-8E55-0B87F1ED42F6} = {137AF1D5-4A33-4630-9A0F-797355305DA9}
		{11CF8B6F-A3CF-4785-9C3B-521CC2A64AE3} = {7930A8ED-7C4D-44D8-B31A-9A4F75C7114C}
		{380830F9-D982-4FEA-99AE-B4A407F420AA} = {F6D7A42A-09B7-4D17-8E5A-011F4B94B02A}
		{1C462E2F-5190-46A6-A96F-50F46AEE4D7E} = {CC91069C-830B-488D-82AE-2B62251DDE8B}
		{8105ECF0-D794-4CBE-B06C-3D9105487ED7} = {1C462E2F-5190-46A6-A96F-50F46AEE4D7E}
		{30A38F57-20E5-4D61-A120-903E0C44C6DB} = {CC91069C-830B-488D-82AE-2B62251DDE8B}
		{3A3914BB-416F-4C6D-B412-7FDCB8FD7F3B} = {30A38F57-20E5-4D61-A120-903E0C44C6DB}
		{205B2D1C-EF32-46B1-A692-88737071AA4F} = {CC91069C-830B-488D-82AE-2B62251DDE8B}
		{DE6A1A0F-D0B0-4126-9954-4ABD6148BAFD} = {205B2D1C-EF32-46B1-A692-88737071AA4F}
		{53672A53-F8E5-4113-B679-930E5E049BAE} = {CC91069C-830B-488D-82AE-2B62251DDE8B}
		{C1A0F4AB-770E-4B2D-8FEC-3EA7D19FF3BC} = {53672A53-F8E5-4113-B679-930E5E049BAE}
		{A5BFFD48-FA72-4360-96A1-432AA3B2970A} = {53672A53-F8E5-4113-B679-930E5E049BAE}
		{062CE2D7-99FA-4F8A-B868-5CBD4560B87A} = {53672A53-F8E5-4113-B679-930E5E049BAE}
		{4911F99A-92B5-45B0-9622-D335D3BB5AF7} = {53672A53-F8E5-4113-B679-930E5E049BAE}
		{CD4AB2E1-4EFF-43EB-8504-5B8B299F9C2C} = {53672A53-F8E5-4113-B679-930E5E049BAE}
		{01AC65EF-3073-46B9-8929-4EA06147054A} = {CC91069C-830B-488D-82AE-2B62251DDE8B}
		{657603B0-7DAF-41FC-850D-6AC450A164BA} = {01AC65EF-3073-46B9-8929-4EA06147054A}
		{CBC34986-BA96-4317-931D-8C9089EDF1BF} = {6F72F8E9-7950-44EC-B1CE-6D89797B28CB}
		{64F8A94F-687C-4627-80F0-DE9BE4E16A77} = {04968005-82DD-404C-BF7F-DFF1B7BCE847}
	EndGlobalSection
	GlobalSection(ExtensibilityGlobals) = postSolution
		SolutionGuid = {D3B8C007-FA5E-4BC7-8BFA-838CCF6B7BED}
	EndGlobalSection
EndGlobal
